
Microsoft Visual Studio Solution File, Format Version 12.00
# Visual Studio 15
VisualStudioVersion = 15.0.27130.2027
MinimumVisualStudioVersion = 10.0.40219.1
Project("{FAE04EC0-301F-11D3-BF4B-00C04F79EFBC}") = "hp-calc", "hp-calc\hp-calc.csproj", "{39FAE791-BBB5-435D-8F42-894417CE1F73}"
EndProject
Global
	GlobalSection(SolutionConfigurationPlatforms) = preSolution
		Debug|Any CPU = Debug|Any CPU
		Release|Any CPU = Release|Any CPU
	EndGlobalSection
	GlobalSection(ProjectConfigurationPlatforms) = postSolution
		{39FAE791-BBB5-435D-8F42-894417CE1F73}.Debug|Any CPU.ActiveCfg = Debug|Any CPU
		{39FAE791-BBB5-435D-8F42-894417CE1F73}.Debug|Any CPU.Build.0 = Debug|Any CPU
		{39FAE791-BBB5-435D-8F42-894417CE1F73}.Release|Any CPU.ActiveCfg = Release|Any CPU
		{39FAE791-BBB5-435D-8F42-894417CE1F73}.Release|Any CPU.Build.0 = Release|Any CPU
	EndGlobalSection
	GlobalSection(SolutionProperties) = preSolution
		HideSolutionNode = FALSE
	EndGlobalSection
	GlobalSection(ExtensibilityGlobals) = postSolution
		SolutionGuid = {40464655-D50A-481F-B0D3-5F1778A68AF2}
	EndGlobalSection
EndGlobal
